
Microsoft Visual Studio Solution File, Format Version 12.00
# Visual Studio Version 17
VisualStudioVersion = 17.13.36105.23 d17.13
MinimumVisualStudioVersion = 10.0.40219.1
Project("{FAE04EC0-301F-11D3-BF4B-00C04F79EFBC}") = "API", "API\API.csproj", "{09CB4BDB-4F95-469B-97A5-A8858A4407BF}"
EndProject
Project("{FAE04EC0-301F-11D3-BF4B-00C04F79EFBC}") = "Client", "Client\Client.csproj", "{1EAC32DC-D32F-4F38-8E73-1B47955E0C63}"
EndProject
Global
	GlobalSection(SolutionConfigurationPlatforms) = preSolution
		Debug|Any CPU = Debug|Any CPU
		Release|Any CPU = Release|Any CPU
	EndGlobalSection
	GlobalSection(ProjectConfigurationPlatforms) = postSolution
		{09CB4BDB-4F95-469B-97A5-A8858A4407BF}.Debug|Any CPU.ActiveCfg = Debug|Any CPU
		{09CB4BDB-4F95-469B-97A5-A8858A4407BF}.Debug|Any CPU.Build.0 = Debug|Any CPU
		{09CB4BDB-4F95-469B-97A5-A8858A4407BF}.Release|Any CPU.ActiveCfg = Release|Any CPU
		{09CB4BDB-4F95-469B-97A5-A8858A4407BF}.Release|Any CPU.Build.0 = Release|Any CPU
		{1EAC32DC-D32F-4F38-8E73-1B47955E0C63}.Debug|Any CPU.ActiveCfg = Debug|Any CPU
		{1EAC32DC-D32F-4F38-8E73-1B47955E0C63}.Debug|Any CPU.Build.0 = Debug|Any CPU
		{1EAC32DC-D32F-4F38-8E73-1B47955E0C63}.Release|Any CPU.ActiveCfg = Release|Any CPU
		{1EAC32DC-D32F-4F38-8E73-1B47955E0C63}.Release|Any CPU.Build.0 = Release|Any CPU
	EndGlobalSection
	GlobalSection(SolutionProperties) = preSolution
		HideSolutionNode = FALSE
	EndGlobalSection
	GlobalSection(ExtensibilityGlobals) = postSolution
		SolutionGuid = {FC4AF799-37F6-4388-A0A2-BE28A14DA3EB}
	EndGlobalSection
EndGlobal
